{
  "name": "nodejs-test",
  "version": "0.0.0",
  "lockfileVersion": 1,
  "requires": true,
  "dependencies": {
    "csv": {
      "version": "6.2.0",
      "resolved": "https://registry.npmjs.org/csv/-/csv-6.2.0.tgz",
      "integrity": "sha512-yT7dkCsJLJ36NUW0d0ei7parOcUCx/QVkK77puwA/rF4bMciTB5Kf+wuegL+7zh8s6revFM+BFQ2h+U2k4jgBQ==",
      "requires": {
        "csv-generate": "^4.2.0",
        "csv-parse": "^5.3.0",
        "csv-stringify": "^6.2.0",
        "stream-transform": "^3.2.0"
      }
    },
    "csv-generate": {
      "version": "4.2.0",
      "resolved": "https://registry.npmjs.org/csv-generate/-/csv-generate-4.2.0.tgz",
      "integrity": "sha512-zlIESlGQaYqIhNYwBN2pj5KXNMYbAXZYMOgNoVSoYV8MQyGZwcNWX+kx5LHxocp+zQDqzSgeKh+e+AZs+nCq4Q=="
    },
    "csv-parse": {
      "version": "5.3.0",
      "resolved": "https://registry.npmjs.org/csv-parse/-/csv-parse-5.3.0.tgz",
      "integrity": "sha512-UXJCGwvJ2fep39purtAn27OUYmxB1JQto+zhZ4QlJpzsirtSFbzLvip1aIgziqNdZp/TptvsKEV5BZSxe10/DQ=="
    },
    "csv-stringify": {
      "version": "6.2.0",
      "resolved": "https://registry.npmjs.org/csv-stringify/-/csv-stringify-6.2.0.tgz",
      "integrity": "sha512-dcUbQLRTTDcgQxgEU8V9IctkaCwHZjZfzUZ5ZB3RY8Y+pXtdtl5iVQHfGzANytFFkRKanYzBXrkfpNdGR7eviA=="
    },
    "dotenv": {
      "version": "16.0.2",
      "resolved": "https://registry.npmjs.org/dotenv/-/dotenv-16.0.2.tgz",
      "integrity": "sha512-JvpYKUmzQhYoIFgK2MOnF3bciIZoItIIoryihy0rIA+H4Jy0FmgyKYAHCTN98P5ybGSJcIFbh6QKeJdtZd1qhA=="
    },
    "node-cron": {
      "version": "3.0.2",
      "resolved": "https://registry.npmjs.org/node-cron/-/node-cron-3.0.2.tgz",
      "integrity": "sha512-iP8l0yGlNpE0e6q1o185yOApANRe47UPbLf4YxfbiNHt/RU5eBcGB/e0oudruheSf+LQeDMezqC5BVAb5wwRcQ==",
      "requires": {
        "uuid": "8.3.2"
      },
      "dependencies": {
        "uuid": {
          "version": "8.3.2",
          "resolved": "https://registry.npmjs.org/uuid/-/uuid-8.3.2.tgz",
          "integrity": "sha512-+NYs2QeMWy+GWFOEm9xnn6HCDp0l7QBD7ml8zLUmJ+93Q5NF0NocErnwkTkXVFNiX3/fpC6afS8Dhb/gz7R7eg=="
        }
      }
    },
    "stream-transform": {
      "version": "3.2.0",
      "resolved": "https://registry.npmjs.org/stream-transform/-/stream-transform-3.2.0.tgz",
      "integrity": "sha512-M22v88wNknyJiIyHYoiIYI5RPl/R7tkf92j1YNkmrbe5XRGHW0jW8n458j1njOrR4Edcj8bwbpSV0iLIWon1hg=="
    },
    "uuid": {
      "version": "9.0.0",
      "resolved": "https://registry.npmjs.org/uuid/-/uuid-9.0.0.tgz",
      "integrity": "sha512-MXcSTerfPa4uqyzStbRoTgt5XIe3x5+42+q1sDuy3R5MDk66URdLMOZe5aPX/SQd+kuYAh0FdP/pO28IkQyTeg=="
    }
  }
}
